// !$*UTF8*$!
{
	archiveVersion = 1;
	classes = {
	};
	objectVersion = 50;
	objects = {

/* Begin PBXBuildFile section */
		A615C72922E98A4C00FF4AE1 /* AppDelegate.swift in Sources */ = {isa = PBXBuildFile; fileRef = A615C72822E98A4C00FF4AE1 /* AppDelegate.swift */; };
		A615C72E22E98A4C00FF4AE1 /* Main.storyboard in Resources */ = {isa = PBXBuildFile; fileRef = A615C72C22E98A4C00FF4AE1 /* Main.storyboard */; };
		A615C73022E98A5100FF4AE1 /* Assets.xcassets in Resources */ = {isa = PBXBuildFile; fileRef = A615C72F22E98A5100FF4AE1 /* Assets.xcassets */; };
		A615C73322E98A5100FF4AE1 /* LaunchScreen.storyboard in Resources */ = {isa = PBXBuildFile; fileRef = A615C73122E98A5100FF4AE1 /* LaunchScreen.storyboard */; };
		A615C73B22E98C8F00FF4AE1 /* ListTableViewController.swift in Sources */ = {isa = PBXBuildFile; fileRef = A615C73A22E98C8F00FF4AE1 /* ListTableViewController.swift */; };
		A615C73D22E9907200FF4AE1 /* DetailTableViewController.swift in Sources */ = {isa = PBXBuildFile; fileRef = A615C73C22E9907200FF4AE1 /* DetailTableViewController.swift */; };
		A615C78722EAC15800FF4AE1 /* Record.swift in Sources */ = {isa = PBXBuildFile; fileRef = A615C78622EAC15800FF4AE1 /* Record.swift */; };
/* End PBXBuildFile section */

/* Begin PBXFileReference section */
		A615C72522E98A4C00FF4AE1 /* 記帳.app */ = {isa = PBXFileReference; explicitFileType = wrapper.application; includeInIndex = 0; path = "記帳.app"; sourceTree = BUILT_PRODUCTS_DIR; };
		A615C72822E98A4C00FF4AE1 /* AppDelegate.swift */ = {isa = PBXFileReference; lastKnownFileType = sourcecode.swift; path = AppDelegate.swift; sourceTree = "<group>"; };
		A615C72D22E98A4C00FF4AE1 /* Base */ = {isa = PBXFileReference; lastKnownFileType = file.storyboard; name = Base; path = Base.lproj/Main.storyboard; sourceTree = "<group>"; };
		A615C72F22E98A5100FF4AE1 /* Assets.xcassets */ = {isa = PBXFileReference; lastKnownFileType = folder.assetcatalog; path = Assets.xcassets; sourceTree = "<group>"; };
		A615C73222E98A5100FF4AE1 /* Base */ = {isa = PBXFileReference; lastKnownFileType = file.storyboard; name = Base; path = Base.lproj/LaunchScreen.storyboard; sourceTree = "<group>"; };
		A615C73422E98A5100FF4AE1 /* Info.plist */ = {isa = PBXFileReference; lastKnownFileType = text.plist.xml; path = Info.plist; sourceTree = "<group>"; };
		A615C73A22E98C8F00FF4AE1 /* ListTableViewController.swift */ = {isa = PBXFileReference; lastKnownFileType = sourcecode.swift; path = ListTableViewController.swift; sourceTree = "<group>"; };
		A615C73C22E9907200FF4AE1 /* DetailTableViewController.swift */ = {isa = PBXFileReference; lastKnownFileType = sourcecode.swift; path = DetailTableViewController.swift; sourceTree = "<group>"; };
		A615C78622EAC15800FF4AE1 /* Record.swift */ = {isa = PBXFileReference; lastKnownFileType = sourcecode.swift; path = Record.swift; sourceTree = "<group>"; };
/* End PBXFileReference section */

/* Begin PBXFrameworksBuildPhase section */
		A615C72222E98A4C00FF4AE1 /* Frameworks */ = {
			isa = PBXFrameworksBuildPhase;
			buildActionMask = 2147483647;
			files = (
			);
			runOnlyForDeploymentPostprocessing = 0;
		};
/* End PBXFrameworksBuildPhase section */

/* Begin PBXGroup section */
		A615C71C22E98A4C00FF4AE1 = {
			isa = PBXGroup;
			children = (
				A615C72722E98A4C00FF4AE1 /* 記帳 */,
				A615C72622E98A4C00FF4AE1 /* Products */,
			);
			sourceTree = "<group>";
		};
		A615C72622E98A4C00FF4AE1 /* Products */ = {
			isa = PBXGroup;
			children = (
				A615C72522E98A4C00FF4AE1 /* 記帳.app */,
			);
			name = Products;
			sourceTree = "<group>";
		};
		A615C72722E98A4C00FF4AE1 /* 記帳 */ = {
			isa = PBXGroup;
			children = (
				A615C72822E98A4C00FF4AE1 /* AppDelegate.swift */,
				A615C72C22E98A4C00FF4AE1 /* Main.storyboard */,
				A615C72F22E98A5100FF4AE1 /* Assets.xcassets */,
				A615C73122E98A5100FF4AE1 /* LaunchScreen.storyboard */,
				A615C73422E98A5100FF4AE1 /* Info.plist */,
				A615C73A22E98C8F00FF4AE1 /* ListTableViewController.swift */,
				A615C73C22E9907200FF4AE1 /* DetailTableViewController.swift */,
				A615C78622EAC15800FF4AE1 /* Record.swift */,
			);
			path = "記帳";
			sourceTree = "<group>";
		};
/* End PBXGroup section */

/* Begin PBXNativeTarget section */
		A615C72422E98A4C00FF4AE1 /* 記帳 */ = {
			isa = PBXNativeTarget;
			buildConfigurationList = A615C73722E98A5100FF4AE1 /* Build configuration list for PBXNativeTarget "記帳" */;
			buildPhases = (
				A615C72122E98A4C00FF4AE1 /* Sources */,
				A615C72222E98A4C00FF4AE1 /* Frameworks */,
				A615C72322E98A4C00FF4AE1 /* Resources */,
			);
			buildRules = (
			);
			dependencies = (
			);
			name = "記帳";
			productName = "記帳";
			productReference = A615C72522E98A4C00FF4AE1 /* 記帳.app */;
			productType = "com.apple.product-type.application";
		};
/* End PBXNativeTarget section */

/* Begin PBXProject section */
		A615C71D22E98A4C00FF4AE1 /* Project object */ = {
			isa = PBXProject;
			attributes = {
				LastSwiftUpdateCheck = 1020;
				LastUpgradeCheck = 1020;
				ORGANIZATIONNAME = AppCoda;
				TargetAttributes = {
					A615C72422E98A4C00FF4AE1 = {
						CreatedOnToolsVersion = 10.2.1;
					};
				};
			};
			buildConfigurationList = A615C72022E98A4C00FF4AE1 /* Build configuration list for PBXProject "記帳" */;
			compatibilityVersion = "Xcode 9.3";
			developmentRegion = en;
			hasScannedForEncodings = 0;
			knownRegions = (
				en,
				Base,
			);
			mainGroup = A615C71C22E98A4C00FF4AE1;
			productRefGroup = A615C72622E98A4C00FF4AE1 /* Products */;
			projectDirPath = "";
			projectRoot = "";
			targets = (
				A615C72422E98A4C00FF4AE1 /* 記帳 */,
			);
		};
/* End PBXProject section */

/* Begin PBXResourcesBuildPhase section */
		A615C72322E98A4C00FF4AE1 /* Resources */ = {
			isa = PBXResourcesBuildPhase;
			buildActionMask = 2147483647;
			files = (
				A615C73322E98A5100FF4AE1 /* LaunchScreen.storyboard in Resources */,
				A615C73022E98A5100FF4AE1 /* Assets.xcassets in Resources */,
				A615C72E22E98A4C00FF4AE1 /* Main.storyboard in Resources */,
			);
			runOnlyForDeploymentPostprocessing = 0;
		};
/* End PBXResourcesBuildPhase section */

/* Begin PBXSourcesBuildPhase section */
		A615C72122E98A4C00FF4AE1 /* Sources */ = {
			isa = PBXSourcesBuildPhase;
			buildActionMask = 2147483647;
			files = (
				A615C73D22E9907200FF4AE1 /* DetailTableViewController.swift in Sources */,
				A615C72922E98A4C00FF4AE1 /* AppDelegate.swift in Sources */,
				A615C78722EAC15800FF4AE1 /* Record.swift in Sources */,
				A615C73B22E98C8F00FF4AE1 /* ListTableViewController.swift in Sources */,
			);
			runOnlyForDeploymentPostprocessing = 0;
		};
/* End PBXSourcesBuildPhase section */

/* Begin PBXVariantGroup section */
		A615C72C22E98A4C00FF4AE1 /* Main.storyboard */ = {
			isa = PBXVariantGroup;
			children = (
				A615C72D22E98A4C00FF4AE1 /* Base */,
			);
			name = Main.storyboard;
			sourceTree = "<group>";
		};
		A615C73122E98A5100FF4AE1 /* LaunchScreen.storyboard */ = {
			isa = PBXVariantGroup;
			children = (
				A615C73222E98A5100FF4AE1 /* Base */,
			);
			name = LaunchScreen.storyboard;
			sourceTree = "<group>";
		};
/* End PBXVariantGroup section */

/* Begin XCBuildConfiguration section */
		A615C73522E98A5100FF4AE1 /* Debug */ = {
			isa = XCBuildConfiguration;
			buildSettings = {
				ALWAYS_SEARCH_USER_PATHS = NO;
				CLANG_ANALYZER_NONNULL = YES;
				CLANG_ANALYZER_NUMBER_OBJECT_CONVERSION = YES_AGGRESSIVE;
				CLANG_CXX_LANGUAGE_STANDARD = "gnu++14";
				CLANG_CXX_LIBRARY = "libc++";
				CLANG_ENABLE_MODULES = YES;
				CLANG_ENABLE_OBJC_ARC = YES;
				CLANG_ENABLE_OBJC_WEAK = YES;
				CLANG_WARN_BLOCK_CAPTURE_AUTORELEASING = YES;
				CLANG_WARN_BOOL_CONVERSION = YES;
				CLANG_WARN_COMMA = YES;
				CLANG_WARN_CONSTANT_CONVERSION = YES;
				CLANG_WARN_DEPRECATED_OBJC_IMPLEMENTATIONS = YES;
				CLANG_WARN_DIRECT_OBJC_ISA_USAGE = YES_ERROR;
				CLANG_WARN_DOCUMENTATION_COMMENTS = YES;
				CLANG_WARN_EMPTY_BODY = YES;
				CLANG_WARN_ENUM_CONVERSION = YES;
				CLANG_WARN_INFINITE_RECURSION = YES;
				CLANG_WARN_INT_CONVERSION = YES;
				CLANG_WARN_NON_LITERAL_NULL_CONVERSION = YES;
				CLANG_WARN_OBJC_IMPLICIT_RETAIN_SELF = YES;
				CLANG_WARN_OBJC_LITERAL_CONVERSION = YES;
				CLANG_WARN_OBJC_ROOT_CLASS = YES_ERROR;
				CLANG_WARN_RANGE_LOOP_ANALYSIS = YES;
				CLANG_WARN_STRICT_PROTOTYPES = YES;
				CLANG_WARN_SUSPICIOUS_MOVE = YES;
				CLANG_WARN_UNGUARDED_AVAILABILITY = YES_AGGRESSIVE;
				CLANG_WARN_UNREACHABLE_CODE = YES;
				CLANG_WARN__DUPLICATE_METHOD_MATCH = YES;
				CODE_SIGN_IDENTITY = "iPhone Developer";
				COPY_PHASE_STRIP = NO;
				DEBUG_INFORMATION_FORMAT = dwarf;
				ENABLE_STRICT_OBJC_MSGSEND = YES;
				ENABLE_TESTABILITY = YES;
				GCC_C_LANGUAGE_STANDARD = gnu11;
				GCC_DYNAMIC_NO_PIC = NO;
				GCC_NO_COMMON_BLOCKS = YES;
				GCC_OPTIMIZATION_LEVEL = 0;
				GCC_PREPROCESSOR_DEFINITIONS = (
					"DEBUG=1",
					"$(inherited)",
				);
				GCC_WARN_64_TO_32_BIT_CONVERSION = YES;
				GCC_WARN_ABOUT_RETURN_TYPE = YES_ERROR;
				GCC_WARN_UNDECLARED_SELECTOR = YES;
				GCC_WARN_UNINITIALIZED_AUTOS = YES_AGGRESSIVE;
				GCC_WARN_UNUSED_FUNCTION = YES;
				GCC_WARN_UNUSED_VARIABLE = YES;
				IPHONEOS_DEPLOYMENT_TARGET = 12.2;
				MTL_ENABLE_DEBUG_INFO = INCLUDE_SOURCE;
				MTL_FAST_MATH = YES;
				ONLY_ACTIVE_ARCH = YES;
				SDKROOT = iphoneos;
				SWIFT_ACTIVE_COMPILATION_CONDITIONS = DEBUG;
				SWIFT_OPTIMIZATION_LEVEL = "-Onone";
			};
			name = Debug;
		};
		A615C73622E98A5100FF4AE1 /* Release */ = {
			isa = XCBuildConfiguration;
			buildSettings = {
				ALWAYS_SEARCH_USER_PATHS = NO;
				CLANG_ANALYZER_NONNULL = YES;
				CLANG_ANALYZER_NUMBER_OBJECT_CONVERSION = YES_AGGRESSIVE;
				CLANG_CXX_LANGUAGE_STANDARD = "gnu++14";
				CLANG_CXX_LIBRARY = "libc++";
				CLANG_ENABLE_MODULES = YES;
				CLANG_ENABLE_OBJC_ARC = YES;
				CLANG_ENABLE_OBJC_WEAK = YES;
				CLANG_WARN_BLOCK_CAPTURE_AUTORELEASING = YES;
				CLANG_WARN_BOOL_CONVERSION = YES;
				CLANG_WARN_COMMA = YES;
				CLANG_WARN_CONSTANT_CONVERSION = YES;
				CLANG_WARN_DEPRECATED_OBJC_IMPLEMENTATIONS = YES;
				CLANG_WARN_DIRECT_OBJC_ISA_USAGE = YES_ERROR;
				CLANG_WARN_DOCUMENTATION_COMMENTS = YES;
				CLANG_WARN_EMPTY_BODY = YES;
				CLANG_WARN_ENUM_CONVERSION = YES;
				CLANG_WARN_INFINITE_RECURSION = YES;
				CLANG_WARN_INT_CONVERSION = YES;
				CLANG_WARN_NON_LITERAL_NULL_CONVERSION = YES;
				CLANG_WARN_OBJC_IMPLICIT_RETAIN_SELF = YES;
				CLANG_WARN_OBJC_LITERAL_CONVERSION = YES;
				CLANG_WARN_OBJC_ROOT_CLASS = YES_ERROR;
				CLANG_WARN_RANGE_LOOP_ANALYSIS = YES;
				CLANG_WARN_STRICT_PROTOTYPES = YES;
				CLANG_WARN_SUSPICIOUS_MOVE = YES;
				CLANG_WARN_UNGUARDED_AVAILABILITY = YES_AGGRESSIVE;
				CLANG_WARN_UNREACHABLE_CODE = YES;
				CLANG_WARN__DUPLICATE_METHOD_MATCH = YES;
				CODE_SIGN_IDENTITY = "iPhone Developer";
				COPY_PHASE_STRIP = NO;
				DEBUG_INFORMATION_FORMAT = "dwarf-with-dsym";
				ENABLE_NS_ASSERTIONS = NO;
				ENABLE_STRICT_OBJC_MSGSEND = YES;
				GCC_C_LANGUAGE_STANDARD = gnu11;
				GCC_NO_COMMON_BLOCKS = YES;
				GCC_WARN_64_TO_32_BIT_CONVERSION = YES;
				GCC_WARN_ABOUT_RETURN_TYPE = YES_ERROR;
				GCC_WARN_UNDECLARED_SELECTOR = YES;
				GCC_WARN_UNINITIALIZED_AUTOS = YES_AGGRESSIVE;
				GCC_WARN_UNUSED_FUNCTION = YES;
				GCC_WARN_UNUSED_VARIABLE = YES;
				IPHONEOS_DEPLOYMENT_TARGET = 12.2;
				MTL_ENABLE_DEBUG_INFO = NO;
				MTL_FAST_MATH = YES;
				SDKROOT = iphoneos;
				SWIFT_COMPILATION_MODE = wholemodule;
				SWIFT_OPTIMIZATION_LEVEL = "-O";
				VALIDATE_PRODUCT = YES;
			};
			name = Release;
		};
		A615C73822E98A5100FF4AE1 /* Debug */ = {
			isa = XCBuildConfiguration;
			buildSettings = {
				ASSETCATALOG_COMPILER_APPICON_NAME = AppIcon;
				CODE_SIGN_STYLE = Automatic;
				INFOPLIST_FILE = "記帳/Info.plist";
				LD_RUNPATH_SEARCH_PATHS = (
					"$(inherited)",
					"@executable_path/Frameworks",
				);
				PRODUCT_BUNDLE_IDENTIFIER = "com.appcoda.--";
				PRODUCT_NAME = "$(TARGET_NAME)";
				SWIFT_VERSION = 5.0;
				TARGETED_DEVICE_FAMILY = "1,2";
			};
			name = Debug;
		};
		A615C73922E98A5100FF4AE1 /* Release */ = {
			isa = XCBuildConfiguration;
			buildSettings = {
				ASSETCATALOG_COMPILER_APPICON_NAME = AppIcon;
				CODE_SIGN_STYLE = Automatic;
				INFOPLIST_FILE = "記帳/Info.plist";
				LD_RUNPATH_SEARCH_PATHS = (
					"$(inherited)",
					"@executable_path/Frameworks",
				);
				PRODUCT_BUNDLE_IDENTIFIER = "com.appcoda.--";
				PRODUCT_NAME = "$(TARGET_NAME)";
				SWIFT_VERSION = 5.0;
				TARGETED_DEVICE_FAMILY = "1,2";
			};
			name = Release;
		};
/* End XCBuildConfiguration section */

/* Begin XCConfigurationList section */
		A615C72022E98A4C00FF4AE1 /* Build configuration list for PBXProject "記帳" */ = {
			isa = XCConfigurationList;
			buildConfigurations = (
				A615C73522E98A5100FF4AE1 /* Debug */,
				A615C73622E98A5100FF4AE1 /* Release */,
			);
			defaultConfigurationIsVisible = 0;
			defaultConfigurationName = Release;
		};
		A615C73722E98A5100FF4AE1 /* Build configuration list for PBXNativeTarget "記帳" */ = {
			isa = XCConfigurationList;
			buildConfigurations = (
				A615C73822E98A5100FF4AE1 /* Debug */,
				A615C73922E98A5100FF4AE1 /* Release */,
			);
			defaultConfigurationIsVisible = 0;
			defaultConfigurationName = Release;
		};
/* End XCConfigurationList section */
	};
	rootObject = A615C71D22E98A4C00FF4AE1 /* Project object */;
}
